" Generated by vim-plug
" Sun 16 Mar 14:55:33 2025
" :source this file in vim to restore the snapshot
" or execute: vim -S snapshot.vim

silent! let g:plugs['copilot.vim'].commit = '5015939'
silent! let g:plugs['fzf'].commit = '3f3d1ef'
silent! let g:plugs['fzf.vim'].commit = '245eaf8'
silent! let g:plugs['incsearch.vim'].commit = 'c83de6d'
silent! let g:plugs['nerdtree'].commit = '9b465ac'
silent! let g:plugs['nerdtree-git-plugin'].commit = 'e1fe727'
silent! let g:plugs['rustaceanvim'].commit = '2b0f0b7'
silent! let g:plugs['vim-airline'].commit = '7a552f4'
silent! let g:plugs['vim-auto-save'].commit = '1685175'
silent! let g:plugs['vim-fugitive'].commit = '4a745ea'
silent! let g:plugs['vim-monokai-pro'].commit = '6c449e5'
silent! let g:plugs['vim-signify'].commit = '8670143'


