" Generated by vim-plug
" Thu 30 Jan 07:13:58 2025
" :source this file in vim to restore the snapshot
" or execute: vim -S snapshot.vim

silent! let g:plugs['completor.vim'].commit = '8ab19d1'
silent! let g:plugs['ctrlp.vim'].commit = '475a864'
silent! let g:plugs['material.vim'].commit = 'cecac93'
silent! let g:plugs['nerdtree'].commit = '9b465ac'
silent! let g:plugs['nerdtree-git-plugin'].commit = 'e1fe727'
silent! let g:plugs['undotree'].commit = '2556c68'
silent! let g:plugs['vim-airline'].commit = '7a552f4'
silent! let g:plugs['vim-auto-save'].commit = '1685175'
silent! let g:plugs['vim-fugitive'].commit = 'd74a7cf'
silent! let g:plugs['vim-signify'].commit = '8670143'

PlugUpdate!

