" Generated by vim-plug
" Thu 10 Apr 22:35:31 2025
" :source this file in vim to restore the snapshot
" or execute: vim -S snapshot.vim

silent! let g:plugs['bufferline.nvim'].commit = '655133c'
silent! let g:plugs['cmp-buffer'].commit = 'b74fab3'
silent! let g:plugs['cmp-cmdline'].commit = 'd250c63'
silent! let g:plugs['cmp-nvim-lsp'].commit = 'a8912b8'
silent! let g:plugs['cmp-path'].commit = 'c6635aa'
silent! let g:plugs['copilot.vim'].commit = 'a9228e0'
silent! let g:plugs['fzf'].commit = '93cb375'
silent! let g:plugs['fzf.vim'].commit = '1fff637'
silent! let g:plugs['incsearch.vim'].commit = 'c83de6d'
silent! let g:plugs['lualine.nvim'].commit = '0ea56f9'
silent! let g:plugs['nvim-cmp'].commit = '059e894'
silent! let g:plugs['nvim-lspconfig'].commit = '94dda50'
silent! let g:plugs['nvim-tree.lua'].commit = 'c3c1935'
silent! let g:plugs['nvim-web-devicons'].commit = '57dfa94'
silent! let g:plugs['rust.vim'].commit = '889b9a7'
silent! let g:plugs['sonokai'].commit = '9679341'
silent! let g:plugs['vim-auto-save'].commit = '1685175'
silent! let g:plugs['vim-fugitive'].commit = '4a745ea'
silent! let g:plugs['vim-markdown'].commit = '8f6cb3a'
silent! let g:plugs['vim-polyglot'].commit = 'f5393cf'
silent! let g:plugs['vim-signify'].commit = '8670143'


